// !$*UTF8*$!
{
	archiveVersion = 1;
	classes = {
	};
	objectVersion = 46;
	objects = {

/* Begin PBXBuildFile section */
		67029D8E15B7BD5200FE304A /* GTMBase64.m in Sources */ = {isa = PBXBuildFile; fileRef = 67029D7A15B7BD5200FE304A /* GTMBase64.m */; };
		67029D8F15B7BD5200FE304A /* SFHFKeychainUtils.m in Sources */ = {isa = PBXBuildFile; fileRef = 67029D7E15B7BD5200FE304A /* SFHFKeychainUtils.m */; };
		67029D9015B7BD5200FE304A /* WBAuthorize.m in Sources */ = {isa = PBXBuildFile; fileRef = 67029D8015B7BD5200FE304A /* WBAuthorize.m */; };
		67029D9115B7BD5200FE304A /* WBAuthorizeWebView.m in Sources */ = {isa = PBXBuildFile; fileRef = 67029D8215B7BD5200FE304A /* WBAuthorizeWebView.m */; };
		67029D9215B7BD5200FE304A /* WBEngine.m in Sources */ = {isa = PBXBuildFile; fileRef = 67029D8415B7BD5200FE304A /* WBEngine.m */; };
		67029D9315B7BD5200FE304A /* WBLogInAlertView.m in Sources */ = {isa = PBXBuildFile; fileRef = 67029D8615B7BD5200FE304A /* WBLogInAlertView.m */; };
		67029D9415B7BD5200FE304A /* WBRequest.m in Sources */ = {isa = PBXBuildFile; fileRef = 67029D8815B7BD5200FE304A /* WBRequest.m */; };
		67029D9515B7BD5200FE304A /* WBSendView.m in Sources */ = {isa = PBXBuildFile; fileRef = 67029D8B15B7BD5200FE304A /* WBSendView.m */; };
		67029D9615B7BD5200FE304A /* WBUtil.m in Sources */ = {isa = PBXBuildFile; fileRef = 67029D8D15B7BD5200FE304A /* WBUtil.m */; };
		67029DA515B7BE5400FE304A /* NSObject+SBJSON.m in Sources */ = {isa = PBXBuildFile; fileRef = 67029D9A15B7BE5400FE304A /* NSObject+SBJSON.m */; };
		67029DA615B7BE5400FE304A /* NSString+SBJSON.m in Sources */ = {isa = PBXBuildFile; fileRef = 67029D9C15B7BE5400FE304A /* NSString+SBJSON.m */; };
		67029DA715B7BE5400FE304A /* SBJSON.m in Sources */ = {isa = PBXBuildFile; fileRef = 67029D9E15B7BE5400FE304A /* SBJSON.m */; };
		67029DA815B7BE5400FE304A /* SBJsonBase.m in Sources */ = {isa = PBXBuildFile; fileRef = 67029DA015B7BE5400FE304A /* SBJsonBase.m */; };
		67029DA915B7BE5400FE304A /* SBJsonParser.m in Sources */ = {isa = PBXBuildFile; fileRef = 67029DA215B7BE5400FE304A /* SBJsonParser.m */; };
		67029DAA15B7BE5400FE304A /* SBJsonWriter.m in Sources */ = {isa = PBXBuildFile; fileRef = 67029DA415B7BE5400FE304A /* SBJsonWriter.m */; };
		67029DAC15B7BE7400FE304A /* Security.framework in Frameworks */ = {isa = PBXBuildFile; fileRef = 67029DAB15B7BE7400FE304A /* Security.framework */; };
		67029DBF15B80AFC00FE304A /* bg.png in Resources */ = {isa = PBXBuildFile; fileRef = 67029DB115B80AFC00FE304A /* bg.png */; };
		67029DC015B80AFC00FE304A /* bg@2x.png in Resources */ = {isa = PBXBuildFile; fileRef = 67029DB215B80AFC00FE304A /* bg@2x.png */; };
		67029DC115B80AFC00FE304A /* bg_land.png in Resources */ = {isa = PBXBuildFile; fileRef = 67029DB315B80AFC00FE304A /* bg_land.png */; };
		67029DC215B80AFC00FE304A /* bg_land@2x.png in Resources */ = {isa = PBXBuildFile; fileRef = 67029DB415B80AFC00FE304A /* bg_land@2x.png */; };
		67029DC315B80AFC00FE304A /* btn.png in Resources */ = {isa = PBXBuildFile; fileRef = 67029DB515B80AFC00FE304A /* btn.png */; };
		67029DC415B80AFC00FE304A /* btn@2x.png in Resources */ = {isa = PBXBuildFile; fileRef = 67029DB615B80AFC00FE304A /* btn@2x.png */; };
		67029DC515B80AFC00FE304A /* close.png in Resources */ = {isa = PBXBuildFile; fileRef = 67029DB715B80AFC00FE304A /* close.png */; };
		67029DC615B80AFC00FE304A /* close@2x.png in Resources */ = {isa = PBXBuildFile; fileRef = 67029DB815B80AFC00FE304A /* close@2x.png */; };
		67029DC715B80AFC00FE304A /* close_btn.png in Resources */ = {isa = PBXBuildFile; fileRef = 67029DB915B80AFC00FE304A /* close_btn.png */; };
		67029DC815B80AFC00FE304A /* close_btn@2x.png in Resources */ = {isa = PBXBuildFile; fileRef = 67029DBA15B80AFC00FE304A /* close_btn@2x.png */; };
		67029DC915B80AFC00FE304A /* delete.png in Resources */ = {isa = PBXBuildFile; fileRef = 67029DBB15B80AFC00FE304A /* delete.png */; };
		67029DCA15B80AFC00FE304A /* delete@2x.png in Resources */ = {isa = PBXBuildFile; fileRef = 67029DBC15B80AFC00FE304A /* delete@2x.png */; };
		67029DCB15B80AFC00FE304A /* logo.png in Resources */ = {isa = PBXBuildFile; fileRef = 67029DBD15B80AFC00FE304A /* logo.png */; };
		67029DCC15B80AFC00FE304A /* logo@2x.png in Resources */ = {isa = PBXBuildFile; fileRef = 67029DBE15B80AFC00FE304A /* logo@2x.png */; };
		67029DDF15B90C7300FE304A /* YippeeWeibo.m in Sources */ = {isa = PBXBuildFile; fileRef = 67029DDE15B90C7300FE304A /* YippeeWeibo.m */; };
		6794F1D215B54E1D00A86969 /* UIKit.framework in Frameworks */ = {isa = PBXBuildFile; fileRef = 6794F1D115B54E1D00A86969 /* UIKit.framework */; };
		6794F1D415B54E1D00A86969 /* Foundation.framework in Frameworks */ = {isa = PBXBuildFile; fileRef = 6794F1D315B54E1D00A86969 /* Foundation.framework */; };
		6794F1D615B54E1D00A86969 /* CoreGraphics.framework in Frameworks */ = {isa = PBXBuildFile; fileRef = 6794F1D515B54E1D00A86969 /* CoreGraphics.framework */; };
		6794F1DC15B54E1D00A86969 /* InfoPlist.strings in Resources */ = {isa = PBXBuildFile; fileRef = 6794F1DA15B54E1D00A86969 /* InfoPlist.strings */; };
		6794F1DE15B54E1D00A86969 /* main.m in Sources */ = {isa = PBXBuildFile; fileRef = 6794F1DD15B54E1D00A86969 /* main.m */; };
		6794F1E215B54E1D00A86969 /* HelloWorldAppDelegate.m in Sources */ = {isa = PBXBuildFile; fileRef = 6794F1E115B54E1D00A86969 /* HelloWorldAppDelegate.m */; };
		6794F1E515B54E1D00A86969 /* MainStoryboard.storyboard in Resources */ = {isa = PBXBuildFile; fileRef = 6794F1E315B54E1D00A86969 /* MainStoryboard.storyboard */; };
		6794F1E815B54E1D00A86969 /* HelloWorldViewController.m in Sources */ = {isa = PBXBuildFile; fileRef = 6794F1E715B54E1D00A86969 /* HelloWorldViewController.m */; };
		6794F1EF15B6790A00A86969 /* CFNetwork.framework in Frameworks */ = {isa = PBXBuildFile; fileRef = 6794F1EE15B6790A00A86969 /* CFNetwork.framework */; };
		6794F1F115B6791A00A86969 /* SystemConfiguration.framework in Frameworks */ = {isa = PBXBuildFile; fileRef = 6794F1F015B6791A00A86969 /* SystemConfiguration.framework */; };
		6794F1F315B6794400A86969 /* MobileCoreServices.framework in Frameworks */ = {isa = PBXBuildFile; fileRef = 6794F1F215B6794400A86969 /* MobileCoreServices.framework */; };
		6794F2A615B6932600A86969 /* ASIAuthenticationDialog.m in Sources */ = {isa = PBXBuildFile; fileRef = 6794F29015B6932600A86969 /* ASIAuthenticationDialog.m */; };
		6794F2A715B6932600A86969 /* ASIDataCompressor.m in Sources */ = {isa = PBXBuildFile; fileRef = 6794F29315B6932600A86969 /* ASIDataCompressor.m */; };
		6794F2A815B6932600A86969 /* ASIDataDecompressor.m in Sources */ = {isa = PBXBuildFile; fileRef = 6794F29515B6932600A86969 /* ASIDataDecompressor.m */; };
		6794F2A915B6932600A86969 /* ASIDownloadCache.m in Sources */ = {isa = PBXBuildFile; fileRef = 6794F29715B6932600A86969 /* ASIDownloadCache.m */; };
		6794F2AA15B6932600A86969 /* ASIFormDataRequest.m in Sources */ = {isa = PBXBuildFile; fileRef = 6794F29915B6932600A86969 /* ASIFormDataRequest.m */; };
		6794F2AB15B6932600A86969 /* ASIHTTPRequest.m in Sources */ = {isa = PBXBuildFile; fileRef = 6794F29B15B6932600A86969 /* ASIHTTPRequest.m */; };
		6794F2AC15B6932600A86969 /* ASIInputStream.m in Sources */ = {isa = PBXBuildFile; fileRef = 6794F29F15B6932600A86969 /* ASIInputStream.m */; };
		6794F2AD15B6932600A86969 /* ASINetworkQueue.m in Sources */ = {isa = PBXBuildFile; fileRef = 6794F2A115B6932600A86969 /* ASINetworkQueue.m */; };
		6794F2AE15B6932600A86969 /* Reachability.m in Sources */ = {isa = PBXBuildFile; fileRef = 6794F2A515B6932600A86969 /* Reachability.m */; };
		6794F2B015B693B900A86969 /* libz.dylib in Frameworks */ = {isa = PBXBuildFile; fileRef = 6794F2AF15B693B900A86969 /* libz.dylib */; };
/* End PBXBuildFile section */

/* Begin PBXFileReference section */
		67029D7915B7BD5200FE304A /* GTMBase64.h */ = {isa = PBXFileReference; fileEncoding = 4; lastKnownFileType = sourcecode.c.h; path = GTMBase64.h; sourceTree = "<group>"; };
		67029D7A15B7BD5200FE304A /* GTMBase64.m */ = {isa = PBXFileReference; fileEncoding = 4; lastKnownFileType = sourcecode.c.objc; path = GTMBase64.m; sourceTree = "<group>"; };
		67029D7B15B7BD5200FE304A /* GTMDefines.h */ = {isa = PBXFileReference; fileEncoding = 4; lastKnownFileType = sourcecode.c.h; path = GTMDefines.h; sourceTree = "<group>"; };
		67029D7D15B7BD5200FE304A /* SFHFKeychainUtils.h */ = {isa = PBXFileReference; fileEncoding = 4; lastKnownFileType = sourcecode.c.h; path = SFHFKeychainUtils.h; sourceTree = "<group>"; };
		67029D7E15B7BD5200FE304A /* SFHFKeychainUtils.m */ = {isa = PBXFileReference; fileEncoding = 4; lastKnownFileType = sourcecode.c.objc; path = SFHFKeychainUtils.m; sourceTree = "<group>"; };
		67029D7F15B7BD5200FE304A /* WBAuthorize.h */ = {isa = PBXFileReference; fileEncoding = 4; lastKnownFileType = sourcecode.c.h; path = WBAuthorize.h; sourceTree = "<group>"; };
		67029D8015B7BD5200FE304A /* WBAuthorize.m */ = {isa = PBXFileReference; fileEncoding = 4; lastKnownFileType = sourcecode.c.objc; path = WBAuthorize.m; sourceTree = "<group>"; };
		67029D8115B7BD5200FE304A /* WBAuthorizeWebView.h */ = {isa = PBXFileReference; fileEncoding = 4; lastKnownFileType = sourcecode.c.h; path = WBAuthorizeWebView.h; sourceTree = "<group>"; };
		67029D8215B7BD5200FE304A /* WBAuthorizeWebView.m */ = {isa = PBXFileReference; fileEncoding = 4; lastKnownFileType = sourcecode.c.objc; path = WBAuthorizeWebView.m; sourceTree = "<group>"; };
		67029D8315B7BD5200FE304A /* WBEngine.h */ = {isa = PBXFileReference; fileEncoding = 4; lastKnownFileType = sourcecode.c.h; path = WBEngine.h; sourceTree = "<group>"; };
		67029D8415B7BD5200FE304A /* WBEngine.m */ = {isa = PBXFileReference; fileEncoding = 4; lastKnownFileType = sourcecode.c.objc; path = WBEngine.m; sourceTree = "<group>"; };
		67029D8515B7BD5200FE304A /* WBLogInAlertView.h */ = {isa = PBXFileReference; fileEncoding = 4; lastKnownFileType = sourcecode.c.h; path = WBLogInAlertView.h; sourceTree = "<group>"; };
		67029D8615B7BD5200FE304A /* WBLogInAlertView.m */ = {isa = PBXFileReference; fileEncoding = 4; lastKnownFileType = sourcecode.c.objc; path = WBLogInAlertView.m; sourceTree = "<group>"; };
		67029D8715B7BD5200FE304A /* WBRequest.h */ = {isa = PBXFileReference; fileEncoding = 4; lastKnownFileType = sourcecode.c.h; path = WBRequest.h; sourceTree = "<group>"; };
		67029D8815B7BD5200FE304A /* WBRequest.m */ = {isa = PBXFileReference; fileEncoding = 4; lastKnownFileType = sourcecode.c.objc; path = WBRequest.m; sourceTree = "<group>"; };
		67029D8915B7BD5200FE304A /* WBSDKGlobal.h */ = {isa = PBXFileReference; fileEncoding = 4; lastKnownFileType = sourcecode.c.h; path = WBSDKGlobal.h; sourceTree = "<group>"; };
		67029D8A15B7BD5200FE304A /* WBSendView.h */ = {isa = PBXFileReference; fileEncoding = 4; lastKnownFileType = sourcecode.c.h; path = WBSendView.h; sourceTree = "<group>"; };
		67029D8B15B7BD5200FE304A /* WBSendView.m */ = {isa = PBXFileReference; fileEncoding = 4; lastKnownFileType = sourcecode.c.objc; path = WBSendView.m; sourceTree = "<group>"; };
		67029D8C15B7BD5200FE304A /* WBUtil.h */ = {isa = PBXFileReference; fileEncoding = 4; lastKnownFileType = sourcecode.c.h; path = WBUtil.h; sourceTree = "<group>"; };
		67029D8D15B7BD5200FE304A /* WBUtil.m */ = {isa = PBXFileReference; fileEncoding = 4; lastKnownFileType = sourcecode.c.objc; path = WBUtil.m; sourceTree = "<group>"; };
		67029D9915B7BE5400FE304A /* NSObject+SBJSON.h */ = {isa = PBXFileReference; fileEncoding = 4; lastKnownFileType = sourcecode.c.h; path = "NSObject+SBJSON.h"; sourceTree = "<group>"; };
		67029D9A15B7BE5400FE304A /* NSObject+SBJSON.m */ = {isa = PBXFileReference; fileEncoding = 4; lastKnownFileType = sourcecode.c.objc; path = "NSObject+SBJSON.m"; sourceTree = "<group>"; };
		67029D9B15B7BE5400FE304A /* NSString+SBJSON.h */ = {isa = PBXFileReference; fileEncoding = 4; lastKnownFileType = sourcecode.c.h; path = "NSString+SBJSON.h"; sourceTree = "<group>"; };
		67029D9C15B7BE5400FE304A /* NSString+SBJSON.m */ = {isa = PBXFileReference; fileEncoding = 4; lastKnownFileType = sourcecode.c.objc; path = "NSString+SBJSON.m"; sourceTree = "<group>"; };
		67029D9D15B7BE5400FE304A /* SBJSON.h */ = {isa = PBXFileReference; fileEncoding = 4; lastKnownFileType = sourcecode.c.h; path = SBJSON.h; sourceTree = "<group>"; };
		67029D9E15B7BE5400FE304A /* SBJSON.m */ = {isa = PBXFileReference; fileEncoding = 4; lastKnownFileType = sourcecode.c.objc; path = SBJSON.m; sourceTree = "<group>"; };
		67029D9F15B7BE5400FE304A /* SBJsonBase.h */ = {isa = PBXFileReference; fileEncoding = 4; lastKnownFileType = sourcecode.c.h; path = SBJsonBase.h; sourceTree = "<group>"; };
		67029DA015B7BE5400FE304A /* SBJsonBase.m */ = {isa = PBXFileReference; fileEncoding = 4; lastKnownFileType = sourcecode.c.objc; path = SBJsonBase.m; sourceTree = "<group>"; };
		67029DA115B7BE5400FE304A /* SBJsonParser.h */ = {isa = PBXFileReference; fileEncoding = 4; lastKnownFileType = sourcecode.c.h; path = SBJsonParser.h; sourceTree = "<group>"; };
		67029DA215B7BE5400FE304A /* SBJsonParser.m */ = {isa = PBXFileReference; fileEncoding = 4; lastKnownFileType = sourcecode.c.objc; path = SBJsonParser.m; sourceTree = "<group>"; };
		67029DA315B7BE5400FE304A /* SBJsonWriter.h */ = {isa = PBXFileReference; fileEncoding = 4; lastKnownFileType = sourcecode.c.h; path = SBJsonWriter.h; sourceTree = "<group>"; };
		67029DA415B7BE5400FE304A /* SBJsonWriter.m */ = {isa = PBXFileReference; fileEncoding = 4; lastKnownFileType = sourcecode.c.objc; path = SBJsonWriter.m; sourceTree = "<group>"; };
		67029DAB15B7BE7400FE304A /* Security.framework */ = {isa = PBXFileReference; lastKnownFileType = wrapper.framework; name = Security.framework; path = System/Library/Frameworks/Security.framework; sourceTree = SDKROOT; };
		67029DAD15B7C20300FE304A /* SinaWeiBoSDKDemoViewController.h */ = {isa = PBXFileReference; lastKnownFileType = sourcecode.c.h; path = SinaWeiBoSDKDemoViewController.h; sourceTree = "<group>"; };
		67029DAE15B7C20300FE304A /* SinaWeiBoSDKDemoViewController.m */ = {isa = PBXFileReference; lastKnownFileType = sourcecode.c.objc; path = SinaWeiBoSDKDemoViewController.m; sourceTree = "<group>"; };
		67029DB115B80AFC00FE304A /* bg.png */ = {isa = PBXFileReference; lastKnownFileType = image.png; path = bg.png; sourceTree = "<group>"; };
		67029DB215B80AFC00FE304A /* bg@2x.png */ = {isa = PBXFileReference; lastKnownFileType = image.png; path = "bg@2x.png"; sourceTree = "<group>"; };
		67029DB315B80AFC00FE304A /* bg_land.png */ = {isa = PBXFileReference; lastKnownFileType = image.png; path = bg_land.png; sourceTree = "<group>"; };
		67029DB415B80AFC00FE304A /* bg_land@2x.png */ = {isa = PBXFileReference; lastKnownFileType = image.png; path = "bg_land@2x.png"; sourceTree = "<group>"; };
		67029DB515B80AFC00FE304A /* btn.png */ = {isa = PBXFileReference; lastKnownFileType = image.png; path = btn.png; sourceTree = "<group>"; };
		67029DB615B80AFC00FE304A /* btn@2x.png */ = {isa = PBXFileReference; lastKnownFileType = image.png; path = "btn@2x.png"; sourceTree = "<group>"; };
		67029DB715B80AFC00FE304A /* close.png */ = {isa = PBXFileReference; lastKnownFileType = image.png; path = close.png; sourceTree = "<group>"; };
		67029DB815B80AFC00FE304A /* close@2x.png */ = {isa = PBXFileReference; lastKnownFileType = image.png; path = "close@2x.png"; sourceTree = "<group>"; };
		67029DB915B80AFC00FE304A /* close_btn.png */ = {isa = PBXFileReference; lastKnownFileType = image.png; path = close_btn.png; sourceTree = "<group>"; };
		67029DBA15B80AFC00FE304A /* close_btn@2x.png */ = {isa = PBXFileReference; lastKnownFileType = image.png; path = "close_btn@2x.png"; sourceTree = "<group>"; };
		67029DBB15B80AFC00FE304A /* delete.png */ = {isa = PBXFileReference; lastKnownFileType = image.png; path = delete.png; sourceTree = "<group>"; };
		67029DBC15B80AFC00FE304A /* delete@2x.png */ = {isa = PBXFileReference; lastKnownFileType = image.png; path = "delete@2x.png"; sourceTree = "<group>"; };
		67029DBD15B80AFC00FE304A /* logo.png */ = {isa = PBXFileReference; lastKnownFileType = image.png; path = logo.png; sourceTree = "<group>"; };
		67029DBE15B80AFC00FE304A /* logo@2x.png */ = {isa = PBXFileReference; lastKnownFileType = image.png; path = "logo@2x.png"; sourceTree = "<group>"; };
		67029DDD15B90C7300FE304A /* YippeeWeibo.h */ = {isa = PBXFileReference; fileEncoding = 4; lastKnownFileType = sourcecode.c.h; path = YippeeWeibo.h; sourceTree = "<group>"; };
		67029DDE15B90C7300FE304A /* YippeeWeibo.m */ = {isa = PBXFileReference; fileEncoding = 4; lastKnownFileType = sourcecode.c.objc; path = YippeeWeibo.m; sourceTree = "<group>"; };
		6794F1CD15B54E1D00A86969 /* HelloWorld.app */ = {isa = PBXFileReference; explicitFileType = wrapper.application; includeInIndex = 0; path = HelloWorld.app; sourceTree = BUILT_PRODUCTS_DIR; };
		6794F1D115B54E1D00A86969 /* UIKit.framework */ = {isa = PBXFileReference; lastKnownFileType = wrapper.framework; name = UIKit.framework; path = System/Library/Frameworks/UIKit.framework; sourceTree = SDKROOT; };
		6794F1D315B54E1D00A86969 /* Foundation.framework */ = {isa = PBXFileReference; lastKnownFileType = wrapper.framework; name = Foundation.framework; path = System/Library/Frameworks/Foundation.framework; sourceTree = SDKROOT; };
		6794F1D515B54E1D00A86969 /* CoreGraphics.framework */ = {isa = PBXFileReference; lastKnownFileType = wrapper.framework; name = CoreGraphics.framework; path = System/Library/Frameworks/CoreGraphics.framework; sourceTree = SDKROOT; };
		6794F1D915B54E1D00A86969 /* HelloWorld-Info.plist */ = {isa = PBXFileReference; lastKnownFileType = text.plist.xml; path = "HelloWorld-Info.plist"; sourceTree = "<group>"; };
		6794F1DB15B54E1D00A86969 /* en */ = {isa = PBXFileReference; lastKnownFileType = text.plist.strings; name = en; path = en.lproj/InfoPlist.strings; sourceTree = "<group>"; };
		6794F1DD15B54E1D00A86969 /* main.m */ = {isa = PBXFileReference; lastKnownFileType = sourcecode.c.objc; path = main.m; sourceTree = "<group>"; };
		6794F1DF15B54E1D00A86969 /* HelloWorld-Prefix.pch */ = {isa = PBXFileReference; lastKnownFileType = sourcecode.c.h; path = "HelloWorld-Prefix.pch"; sourceTree = "<group>"; };
		6794F1E015B54E1D00A86969 /* HelloWorldAppDelegate.h */ = {isa = PBXFileReference; lastKnownFileType = sourcecode.c.h; path = HelloWorldAppDelegate.h; sourceTree = "<group>"; };
		6794F1E115B54E1D00A86969 /* HelloWorldAppDelegate.m */ = {isa = PBXFileReference; lastKnownFileType = sourcecode.c.objc; path = HelloWorldAppDelegate.m; sourceTree = "<group>"; };
		6794F1E415B54E1D00A86969 /* en */ = {isa = PBXFileReference; lastKnownFileType = file.storyboard; name = en; path = en.lproj/MainStoryboard.storyboard; sourceTree = "<group>"; };
		6794F1E615B54E1D00A86969 /* HelloWorldViewController.h */ = {isa = PBXFileReference; lastKnownFileType = sourcecode.c.h; path = HelloWorldViewController.h; sourceTree = "<group>"; };
		6794F1E715B54E1D00A86969 /* HelloWorldViewController.m */ = {isa = PBXFileReference; lastKnownFileType = sourcecode.c.objc; path = HelloWorldViewController.m; sourceTree = "<group>"; };
		6794F1EE15B6790A00A86969 /* CFNetwork.framework */ = {isa = PBXFileReference; lastKnownFileType = wrapper.framework; name = CFNetwork.framework; path = System/Library/Frameworks/CFNetwork.framework; sourceTree = SDKROOT; };
		6794F1F015B6791A00A86969 /* SystemConfiguration.framework */ = {isa = PBXFileReference; lastKnownFileType = wrapper.framework; name = SystemConfiguration.framework; path = System/Library/Frameworks/SystemConfiguration.framework; sourceTree = SDKROOT; };
		6794F1F215B6794400A86969 /* MobileCoreServices.framework */ = {isa = PBXFileReference; lastKnownFileType = wrapper.framework; name = MobileCoreServices.framework; path = System/Library/Frameworks/MobileCoreServices.framework; sourceTree = SDKROOT; };
		6794F28F15B6932600A86969 /* ASIAuthenticationDialog.h */ = {isa = PBXFileReference; fileEncoding = 4; lastKnownFileType = sourcecode.c.h; path = ASIAuthenticationDialog.h; sourceTree = "<group>"; };
		6794F29015B6932600A86969 /* ASIAuthenticationDialog.m */ = {isa = PBXFileReference; fileEncoding = 4; lastKnownFileType = sourcecode.c.objc; path = ASIAuthenticationDialog.m; sourceTree = "<group>"; };
		6794F29115B6932600A86969 /* ASICacheDelegate.h */ = {isa = PBXFileReference; fileEncoding = 4; lastKnownFileType = sourcecode.c.h; path = ASICacheDelegate.h; sourceTree = "<group>"; };
		6794F29215B6932600A86969 /* ASIDataCompressor.h */ = {isa = PBXFileReference; fileEncoding = 4; lastKnownFileType = sourcecode.c.h; path = ASIDataCompressor.h; sourceTree = "<group>"; };
		6794F29315B6932600A86969 /* ASIDataCompressor.m */ = {isa = PBXFileReference; fileEncoding = 4; lastKnownFileType = sourcecode.c.objc; path = ASIDataCompressor.m; sourceTree = "<group>"; };
		6794F29415B6932600A86969 /* ASIDataDecompressor.h */ = {isa = PBXFileReference; fileEncoding = 4; lastKnownFileType = sourcecode.c.h; path = ASIDataDecompressor.h; sourceTree = "<group>"; };
		6794F29515B6932600A86969 /* ASIDataDecompressor.m */ = {isa = PBXFileReference; fileEncoding = 4; lastKnownFileType = sourcecode.c.objc; path = ASIDataDecompressor.m; sourceTree = "<group>"; };
		6794F29615B6932600A86969 /* ASIDownloadCache.h */ = {isa = PBXFileReference; fileEncoding = 4; lastKnownFileType = sourcecode.c.h; path = ASIDownloadCache.h; sourceTree = "<group>"; };
		6794F29715B6932600A86969 /* ASIDownloadCache.m */ = {isa = PBXFileReference; fileEncoding = 4; lastKnownFileType = sourcecode.c.objc; path = ASIDownloadCache.m; sourceTree = "<group>"; };
		6794F29815B6932600A86969 /* ASIFormDataRequest.h */ = {isa = PBXFileReference; fileEncoding = 4; lastKnownFileType = sourcecode.c.h; path = ASIFormDataRequest.h; sourceTree = "<group>"; };
		6794F29915B6932600A86969 /* ASIFormDataRequest.m */ = {isa = PBXFileReference; fileEncoding = 4; lastKnownFileType = sourcecode.c.objc; path = ASIFormDataRequest.m; sourceTree = "<group>"; };
		6794F29A15B6932600A86969 /* ASIHTTPRequest.h */ = {isa = PBXFileReference; fileEncoding = 4; lastKnownFileType = sourcecode.c.h; path = ASIHTTPRequest.h; sourceTree = "<group>"; };
		6794F29B15B6932600A86969 /* ASIHTTPRequest.m */ = {isa = PBXFileReference; fileEncoding = 4; lastKnownFileType = sourcecode.c.objc; path = ASIHTTPRequest.m; sourceTree = "<group>"; };
		6794F29C15B6932600A86969 /* ASIHTTPRequestConfig.h */ = {isa = PBXFileReference; fileEncoding = 4; lastKnownFileType = sourcecode.c.h; path = ASIHTTPRequestConfig.h; sourceTree = "<group>"; };
		6794F29D15B6932600A86969 /* ASIHTTPRequestDelegate.h */ = {isa = PBXFileReference; fileEncoding = 4; lastKnownFileType = sourcecode.c.h; path = ASIHTTPRequestDelegate.h; sourceTree = "<group>"; };
		6794F29E15B6932600A86969 /* ASIInputStream.h */ = {isa = PBXFileReference; fileEncoding = 4; lastKnownFileType = sourcecode.c.h; path = ASIInputStream.h; sourceTree = "<group>"; };
		6794F29F15B6932600A86969 /* ASIInputStream.m */ = {isa = PBXFileReference; fileEncoding = 4; lastKnownFileType = sourcecode.c.objc; path = ASIInputStream.m; sourceTree = "<group>"; };
		6794F2A015B6932600A86969 /* ASINetworkQueue.h */ = {isa = PBXFileReference; fileEncoding = 4; lastKnownFileType = sourcecode.c.h; path = ASINetworkQueue.h; sourceTree = "<group>"; };
		6794F2A115B6932600A86969 /* ASINetworkQueue.m */ = {isa = PBXFileReference; fileEncoding = 4; lastKnownFileType = sourcecode.c.objc; path = ASINetworkQueue.m; sourceTree = "<group>"; };
		6794F2A215B6932600A86969 /* ASIProgressDelegate.h */ = {isa = PBXFileReference; fileEncoding = 4; lastKnownFileType = sourcecode.c.h; path = ASIProgressDelegate.h; sourceTree = "<group>"; };
		6794F2A415B6932600A86969 /* Reachability.h */ = {isa = PBXFileReference; fileEncoding = 4; lastKnownFileType = sourcecode.c.h; path = Reachability.h; sourceTree = "<group>"; };
		6794F2A515B6932600A86969 /* Reachability.m */ = {isa = PBXFileReference; fileEncoding = 4; lastKnownFileType = sourcecode.c.objc; path = Reachability.m; sourceTree = "<group>"; };
		6794F2AF15B693B900A86969 /* libz.dylib */ = {isa = PBXFileReference; lastKnownFileType = "compiled.mach-o.dylib"; name = libz.dylib; path = usr/lib/libz.dylib; sourceTree = SDKROOT; };
/* End PBXFileReference section */

/* Begin PBXFrameworksBuildPhase section */
		6794F1CA15B54E1D00A86969 /* Frameworks */ = {
			isa = PBXFrameworksBuildPhase;
			buildActionMask = 2147483647;
			files = (
				67029DAC15B7BE7400FE304A /* Security.framework in Frameworks */,
				6794F2B015B693B900A86969 /* libz.dylib in Frameworks */,
				6794F1D615B54E1D00A86969 /* CoreGraphics.framework in Frameworks */,
				6794F1F315B6794400A86969 /* MobileCoreServices.framework in Frameworks */,
				6794F1F115B6791A00A86969 /* SystemConfiguration.framework in Frameworks */,
				6794F1EF15B6790A00A86969 /* CFNetwork.framework in Frameworks */,
				6794F1D215B54E1D00A86969 /* UIKit.framework in Frameworks */,
				6794F1D415B54E1D00A86969 /* Foundation.framework in Frameworks */,
			);
			runOnlyForDeploymentPostprocessing = 0;
		};
/* End PBXFrameworksBuildPhase section */

/* Begin PBXGroup section */
		67029D7715B7BD5200FE304A /* SinaWeiboSDK */ = {
			isa = PBXGroup;
			children = (
				67029DAF15B80AFC00FE304A /* Resource */,
				67029D9815B7BE5400FE304A /* SBJson */,
				67029D7815B7BD5200FE304A /* GTMBase64 */,
				67029D7C15B7BD5200FE304A /* SFHFKeychainUtils */,
				67029D7F15B7BD5200FE304A /* WBAuthorize.h */,
				67029D8015B7BD5200FE304A /* WBAuthorize.m */,
				67029D8115B7BD5200FE304A /* WBAuthorizeWebView.h */,
				67029D8215B7BD5200FE304A /* WBAuthorizeWebView.m */,
				67029D8315B7BD5200FE304A /* WBEngine.h */,
				67029D8415B7BD5200FE304A /* WBEngine.m */,
				67029D8515B7BD5200FE304A /* WBLogInAlertView.h */,
				67029D8615B7BD5200FE304A /* WBLogInAlertView.m */,
				67029D8715B7BD5200FE304A /* WBRequest.h */,
				67029D8815B7BD5200FE304A /* WBRequest.m */,
				67029D8915B7BD5200FE304A /* WBSDKGlobal.h */,
				67029D8A15B7BD5200FE304A /* WBSendView.h */,
				67029D8B15B7BD5200FE304A /* WBSendView.m */,
				67029D8C15B7BD5200FE304A /* WBUtil.h */,
				67029D8D15B7BD5200FE304A /* WBUtil.m */,
			);
			path = SinaWeiboSDK;
			sourceTree = "<group>";
		};
		67029D7815B7BD5200FE304A /* GTMBase64 */ = {
			isa = PBXGroup;
			children = (
				67029D7915B7BD5200FE304A /* GTMBase64.h */,
				67029D7A15B7BD5200FE304A /* GTMBase64.m */,
				67029D7B15B7BD5200FE304A /* GTMDefines.h */,
			);
			path = GTMBase64;
			sourceTree = "<group>";
		};
		67029D7C15B7BD5200FE304A /* SFHFKeychainUtils */ = {
			isa = PBXGroup;
			children = (
				67029D7D15B7BD5200FE304A /* SFHFKeychainUtils.h */,
				67029D7E15B7BD5200FE304A /* SFHFKeychainUtils.m */,
			);
			path = SFHFKeychainUtils;
			sourceTree = "<group>";
		};
		67029D9815B7BE5400FE304A /* SBJson */ = {
			isa = PBXGroup;
			children = (
				67029D9915B7BE5400FE304A /* NSObject+SBJSON.h */,
				67029D9A15B7BE5400FE304A /* NSObject+SBJSON.m */,
				67029D9B15B7BE5400FE304A /* NSString+SBJSON.h */,
				67029D9C15B7BE5400FE304A /* NSString+SBJSON.m */,
				67029D9D15B7BE5400FE304A /* SBJSON.h */,
				67029D9E15B7BE5400FE304A /* SBJSON.m */,
				67029D9F15B7BE5400FE304A /* SBJsonBase.h */,
				67029DA015B7BE5400FE304A /* SBJsonBase.m */,
				67029DA115B7BE5400FE304A /* SBJsonParser.h */,
				67029DA215B7BE5400FE304A /* SBJsonParser.m */,
				67029DA315B7BE5400FE304A /* SBJsonWriter.h */,
				67029DA415B7BE5400FE304A /* SBJsonWriter.m */,
			);
			path = SBJson;
			sourceTree = "<group>";
		};
		67029DAF15B80AFC00FE304A /* Resource */ = {
			isa = PBXGroup;
			children = (
				67029DB015B80AFC00FE304A /* Images */,
			);
			path = Resource;
			sourceTree = "<group>";
		};
		67029DB015B80AFC00FE304A /* Images */ = {
			isa = PBXGroup;
			children = (
				67029DB115B80AFC00FE304A /* bg.png */,
				67029DB215B80AFC00FE304A /* bg@2x.png */,
				67029DB315B80AFC00FE304A /* bg_land.png */,
				67029DB415B80AFC00FE304A /* bg_land@2x.png */,
				67029DB515B80AFC00FE304A /* btn.png */,
				67029DB615B80AFC00FE304A /* btn@2x.png */,
				67029DB715B80AFC00FE304A /* close.png */,
				67029DB815B80AFC00FE304A /* close@2x.png */,
				67029DB915B80AFC00FE304A /* close_btn.png */,
				67029DBA15B80AFC00FE304A /* close_btn@2x.png */,
				67029DBB15B80AFC00FE304A /* delete.png */,
				67029DBC15B80AFC00FE304A /* delete@2x.png */,
				67029DBD15B80AFC00FE304A /* logo.png */,
				67029DBE15B80AFC00FE304A /* logo@2x.png */,
			);
			path = Images;
			sourceTree = "<group>";
		};
		6794F1C215B54E1D00A86969 = {
			isa = PBXGroup;
			children = (
				6794F28D15B6932600A86969 /* External */,
				6794F1D715B54E1D00A86969 /* HelloWorld */,
				6794F1D015B54E1D00A86969 /* Frameworks */,
				6794F1CE15B54E1D00A86969 /* Products */,
			);
			sourceTree = "<group>";
		};
		6794F1CE15B54E1D00A86969 /* Products */ = {
			isa = PBXGroup;
			children = (
				6794F1CD15B54E1D00A86969 /* HelloWorld.app */,
			);
			name = Products;
			sourceTree = "<group>";
		};
		6794F1D015B54E1D00A86969 /* Frameworks */ = {
			isa = PBXGroup;
			children = (
				67029DAB15B7BE7400FE304A /* Security.framework */,
				6794F2AF15B693B900A86969 /* libz.dylib */,
				6794F1F215B6794400A86969 /* MobileCoreServices.framework */,
				6794F1F015B6791A00A86969 /* SystemConfiguration.framework */,
				6794F1EE15B6790A00A86969 /* CFNetwork.framework */,
				6794F1D115B54E1D00A86969 /* UIKit.framework */,
				6794F1D315B54E1D00A86969 /* Foundation.framework */,
				6794F1D515B54E1D00A86969 /* CoreGraphics.framework */,
			);
			name = Frameworks;
			sourceTree = "<group>";
		};
		6794F1D715B54E1D00A86969 /* HelloWorld */ = {
			isa = PBXGroup;
			children = (
				67029DAD15B7C20300FE304A /* SinaWeiBoSDKDemoViewController.h */,
				67029DAE15B7C20300FE304A /* SinaWeiBoSDKDemoViewController.m */,
				6794F1E015B54E1D00A86969 /* HelloWorldAppDelegate.h */,
				6794F1E115B54E1D00A86969 /* HelloWorldAppDelegate.m */,
				67029DDD15B90C7300FE304A /* YippeeWeibo.h */,
				67029DDE15B90C7300FE304A /* YippeeWeibo.m */,
				6794F1E315B54E1D00A86969 /* MainStoryboard.storyboard */,
				6794F1E615B54E1D00A86969 /* HelloWorldViewController.h */,
				6794F1E715B54E1D00A86969 /* HelloWorldViewController.m */,
				6794F1D815B54E1D00A86969 /* Supporting Files */,
			);
			path = HelloWorld;
			sourceTree = "<group>";
		};
		6794F1D815B54E1D00A86969 /* Supporting Files */ = {
			isa = PBXGroup;
			children = (
				6794F1D915B54E1D00A86969 /* HelloWorld-Info.plist */,
				6794F1DA15B54E1D00A86969 /* InfoPlist.strings */,
				6794F1DD15B54E1D00A86969 /* main.m */,
				6794F1DF15B54E1D00A86969 /* HelloWorld-Prefix.pch */,
			);
			name = "Supporting Files";
			sourceTree = "<group>";
		};
		6794F28D15B6932600A86969 /* External */ = {
			isa = PBXGroup;
			children = (
				67029D7715B7BD5200FE304A /* SinaWeiboSDK */,
				6794F28E15B6932600A86969 /* ASIHTTPRequest */,
				6794F2A315B6932600A86969 /* Reachability */,
			);
			path = External;
			sourceTree = "<group>";
		};
		6794F28E15B6932600A86969 /* ASIHTTPRequest */ = {
			isa = PBXGroup;
			children = (
				6794F28F15B6932600A86969 /* ASIAuthenticationDialog.h */,
				6794F29015B6932600A86969 /* ASIAuthenticationDialog.m */,
				6794F29115B6932600A86969 /* ASICacheDelegate.h */,
				6794F29215B6932600A86969 /* ASIDataCompressor.h */,
				6794F29315B6932600A86969 /* ASIDataCompressor.m */,
				6794F29415B6932600A86969 /* ASIDataDecompressor.h */,
				6794F29515B6932600A86969 /* ASIDataDecompressor.m */,
				6794F29615B6932600A86969 /* ASIDownloadCache.h */,
				6794F29715B6932600A86969 /* ASIDownloadCache.m */,
				6794F29815B6932600A86969 /* ASIFormDataRequest.h */,
				6794F29915B6932600A86969 /* ASIFormDataRequest.m */,
				6794F29A15B6932600A86969 /* ASIHTTPRequest.h */,
				6794F29B15B6932600A86969 /* ASIHTTPRequest.m */,
				6794F29C15B6932600A86969 /* ASIHTTPRequestConfig.h */,
				6794F29D15B6932600A86969 /* ASIHTTPRequestDelegate.h */,
				6794F29E15B6932600A86969 /* ASIInputStream.h */,
				6794F29F15B6932600A86969 /* ASIInputStream.m */,
				6794F2A015B6932600A86969 /* ASINetworkQueue.h */,
				6794F2A115B6932600A86969 /* ASINetworkQueue.m */,
				6794F2A215B6932600A86969 /* ASIProgressDelegate.h */,
			);
			path = ASIHTTPRequest;
			sourceTree = "<group>";
		};
		6794F2A315B6932600A86969 /* Reachability */ = {
			isa = PBXGroup;
			children = (
				6794F2A415B6932600A86969 /* Reachability.h */,
				6794F2A515B6932600A86969 /* Reachability.m */,
			);
			path = Reachability;
			sourceTree = "<group>";
		};
/* End PBXGroup section */

/* Begin PBXNativeTarget section */
		6794F1CC15B54E1D00A86969 /* HelloWorld */ = {
			isa = PBXNativeTarget;
			buildConfigurationList = 6794F1EB15B54E1D00A86969 /* Build configuration list for PBXNativeTarget "HelloWorld" */;
			buildPhases = (
				6794F1C915B54E1D00A86969 /* Sources */,
				6794F1CA15B54E1D00A86969 /* Frameworks */,
				6794F1CB15B54E1D00A86969 /* Resources */,
			);
			buildRules = (
			);
			dependencies = (
			);
			name = HelloWorld;
			productName = HelloWorld;
			productReference = 6794F1CD15B54E1D00A86969 /* HelloWorld.app */;
			productType = "com.apple.product-type.application";
		};
/* End PBXNativeTarget section */

/* Begin PBXProject section */
		6794F1C415B54E1D00A86969 /* Project object */ = {
			isa = PBXProject;
			attributes = {
				CLASSPREFIX = HelloWorld;
				LastUpgradeCheck = 0430;
			};
			buildConfigurationList = 6794F1C715B54E1D00A86969 /* Build configuration list for PBXProject "HelloWorld" */;
			compatibilityVersion = "Xcode 3.2";
			developmentRegion = English;
			hasScannedForEncodings = 0;
			knownRegions = (
				en,
			);
			mainGroup = 6794F1C215B54E1D00A86969;
			productRefGroup = 6794F1CE15B54E1D00A86969 /* Products */;
			projectDirPath = "";
			projectRoot = "";
			targets = (
				6794F1CC15B54E1D00A86969 /* HelloWorld */,
			);
		};
/* End PBXProject section */

/* Begin PBXResourcesBuildPhase section */
		6794F1CB15B54E1D00A86969 /* Resources */ = {
			isa = PBXResourcesBuildPhase;
			buildActionMask = 2147483647;
			files = (
				6794F1DC15B54E1D00A86969 /* InfoPlist.strings in Resources */,
				6794F1E515B54E1D00A86969 /* MainStoryboard.storyboard in Resources */,
				67029DBF15B80AFC00FE304A /* bg.png in Resources */,
				67029DC015B80AFC00FE304A /* bg@2x.png in Resources */,
				67029DC115B80AFC00FE304A /* bg_land.png in Resources */,
				67029DC215B80AFC00FE304A /* bg_land@2x.png in Resources */,
				67029DC315B80AFC00FE304A /* btn.png in Resources */,
				67029DC415B80AFC00FE304A /* btn@2x.png in Resources */,
				67029DC515B80AFC00FE304A /* close.png in Resources */,
				67029DC615B80AFC00FE304A /* close@2x.png in Resources */,
				67029DC715B80AFC00FE304A /* close_btn.png in Resources */,
				67029DC815B80AFC00FE304A /* close_btn@2x.png in Resources */,
				67029DC915B80AFC00FE304A /* delete.png in Resources */,
				67029DCA15B80AFC00FE304A /* delete@2x.png in Resources */,
				67029DCB15B80AFC00FE304A /* logo.png in Resources */,
				67029DCC15B80AFC00FE304A /* logo@2x.png in Resources */,
			);
			runOnlyForDeploymentPostprocessing = 0;
		};
/* End PBXResourcesBuildPhase section */

/* Begin PBXSourcesBuildPhase section */
		6794F1C915B54E1D00A86969 /* Sources */ = {
			isa = PBXSourcesBuildPhase;
			buildActionMask = 2147483647;
			files = (
				6794F1DE15B54E1D00A86969 /* main.m in Sources */,
				6794F1E215B54E1D00A86969 /* HelloWorldAppDelegate.m in Sources */,
				6794F1E815B54E1D00A86969 /* HelloWorldViewController.m in Sources */,
				6794F2A615B6932600A86969 /* ASIAuthenticationDialog.m in Sources */,
				6794F2A715B6932600A86969 /* ASIDataCompressor.m in Sources */,
				6794F2A815B6932600A86969 /* ASIDataDecompressor.m in Sources */,
				6794F2A915B6932600A86969 /* ASIDownloadCache.m in Sources */,
				6794F2AA15B6932600A86969 /* ASIFormDataRequest.m in Sources */,
				6794F2AB15B6932600A86969 /* ASIHTTPRequest.m in Sources */,
				6794F2AC15B6932600A86969 /* ASIInputStream.m in Sources */,
				6794F2AD15B6932600A86969 /* ASINetworkQueue.m in Sources */,
				6794F2AE15B6932600A86969 /* Reachability.m in Sources */,
				67029D8E15B7BD5200FE304A /* GTMBase64.m in Sources */,
				67029D8F15B7BD5200FE304A /* SFHFKeychainUtils.m in Sources */,
				67029D9015B7BD5200FE304A /* WBAuthorize.m in Sources */,
				67029D9115B7BD5200FE304A /* WBAuthorizeWebView.m in Sources */,
				67029D9215B7BD5200FE304A /* WBEngine.m in Sources */,
				67029D9315B7BD5200FE304A /* WBLogInAlertView.m in Sources */,
				67029D9415B7BD5200FE304A /* WBRequest.m in Sources */,
				67029D9515B7BD5200FE304A /* WBSendView.m in Sources */,
				67029D9615B7BD5200FE304A /* WBUtil.m in Sources */,
				67029DA515B7BE5400FE304A /* NSObject+SBJSON.m in Sources */,
				67029DA615B7BE5400FE304A /* NSString+SBJSON.m in Sources */,
				67029DA715B7BE5400FE304A /* SBJSON.m in Sources */,
				67029DA815B7BE5400FE304A /* SBJsonBase.m in Sources */,
				67029DA915B7BE5400FE304A /* SBJsonParser.m in Sources */,
				67029DAA15B7BE5400FE304A /* SBJsonWriter.m in Sources */,
				67029DDF15B90C7300FE304A /* YippeeWeibo.m in Sources */,
			);
			runOnlyForDeploymentPostprocessing = 0;
		};
/* End PBXSourcesBuildPhase section */

/* Begin PBXVariantGroup section */
		6794F1DA15B54E1D00A86969 /* InfoPlist.strings */ = {
			isa = PBXVariantGroup;
			children = (
				6794F1DB15B54E1D00A86969 /* en */,
			);
			name = InfoPlist.strings;
			sourceTree = "<group>";
		};
		6794F1E315B54E1D00A86969 /* MainStoryboard.storyboard */ = {
			isa = PBXVariantGroup;
			children = (
				6794F1E415B54E1D00A86969 /* en */,
			);
			name = MainStoryboard.storyboard;
			sourceTree = "<group>";
		};
/* End PBXVariantGroup section */

/* Begin XCBuildConfiguration section */
		6794F1E915B54E1D00A86969 /* Debug */ = {
			isa = XCBuildConfiguration;
			buildSettings = {
				ALWAYS_SEARCH_USER_PATHS = NO;
				ARCHS = "$(ARCHS_STANDARD_32_BIT)";
				CLANG_ENABLE_OBJC_ARC = NO;
				"CODE_SIGN_IDENTITY[sdk=iphoneos*]" = "iPhone Developer";
				COPY_PHASE_STRIP = NO;
				GCC_C_LANGUAGE_STANDARD = gnu99;
				GCC_DYNAMIC_NO_PIC = NO;
				GCC_OPTIMIZATION_LEVEL = 0;
				GCC_PREPROCESSOR_DEFINITIONS = (
					"DEBUG=1",
					"$(inherited)",
				);
				GCC_SYMBOLS_PRIVATE_EXTERN = NO;
				GCC_VERSION = com.apple.compilers.llvm.clang.1_0;
				GCC_WARN_ABOUT_RETURN_TYPE = YES;
				GCC_WARN_UNINITIALIZED_AUTOS = YES;
				GCC_WARN_UNUSED_VARIABLE = YES;
				IPHONEOS_DEPLOYMENT_TARGET = 5.1;
				SDKROOT = iphoneos;
			};
			name = Debug;
		};
		6794F1EA15B54E1D00A86969 /* Release */ = {
			isa = XCBuildConfiguration;
			buildSettings = {
				ALWAYS_SEARCH_USER_PATHS = NO;
				ARCHS = "$(ARCHS_STANDARD_32_BIT)";
				CLANG_ENABLE_OBJC_ARC = NO;
				"CODE_SIGN_IDENTITY[sdk=iphoneos*]" = "iPhone Developer";
				COPY_PHASE_STRIP = YES;
				GCC_C_LANGUAGE_STANDARD = gnu99;
				GCC_VERSION = com.apple.compilers.llvm.clang.1_0;
				GCC_WARN_ABOUT_RETURN_TYPE = YES;
				GCC_WARN_UNINITIALIZED_AUTOS = YES;
				GCC_WARN_UNUSED_VARIABLE = YES;
				IPHONEOS_DEPLOYMENT_TARGET = 5.1;
				OTHER_CFLAGS = "-DNS_BLOCK_ASSERTIONS=1";
				SDKROOT = iphoneos;
				VALIDATE_PRODUCT = YES;
			};
			name = Release;
		};
		6794F1EC15B54E1D00A86969 /* Debug */ = {
			isa = XCBuildConfiguration;
			buildSettings = {
				CLANG_ENABLE_OBJC_ARC = NO;
				GCC_PRECOMPILE_PREFIX_HEADER = YES;
				GCC_PREFIX_HEADER = "HelloWorld/HelloWorld-Prefix.pch";
				INFOPLIST_FILE = "HelloWorld/HelloWorld-Info.plist";
				PRODUCT_NAME = "$(TARGET_NAME)";
				WRAPPER_EXTENSION = app;
			};
			name = Debug;
		};
		6794F1ED15B54E1D00A86969 /* Release */ = {
			isa = XCBuildConfiguration;
			buildSettings = {
				CLANG_ENABLE_OBJC_ARC = NO;
				GCC_PRECOMPILE_PREFIX_HEADER = YES;
				GCC_PREFIX_HEADER = "HelloWorld/HelloWorld-Prefix.pch";
				INFOPLIST_FILE = "HelloWorld/HelloWorld-Info.plist";
				PRODUCT_NAME = "$(TARGET_NAME)";
				WRAPPER_EXTENSION = app;
			};
			name = Release;
		};
/* End XCBuildConfiguration section */

/* Begin XCConfigurationList section */
		6794F1C715B54E1D00A86969 /* Build configuration list for PBXProject "HelloWorld" */ = {
			isa = XCConfigurationList;
			buildConfigurations = (
				6794F1E915B54E1D00A86969 /* Debug */,
				6794F1EA15B54E1D00A86969 /* Release */,
			);
			defaultConfigurationIsVisible = 0;
			defaultConfigurationName = Release;
		};
		6794F1EB15B54E1D00A86969 /* Build configuration list for PBXNativeTarget "HelloWorld" */ = {
			isa = XCConfigurationList;
			buildConfigurations = (
				6794F1EC15B54E1D00A86969 /* Debug */,
				6794F1ED15B54E1D00A86969 /* Release */,
			);
			defaultConfigurationIsVisible = 0;
			defaultConfigurationName = Release;
		};
/* End XCConfigurationList section */
	};
	rootObject = 6794F1C415B54E1D00A86969 /* Project object */;
}
